lockfileVersion: 5.4

specifiers:
  net: ^1.0.2
  protocol-buffers: ^5.0.0

dependencies:
  net: 1.0.2
  protocol-buffers: 5.0.0

packages:

  /b4a/1.6.1:
    resolution: {integrity: sha512-AsKjNhz72yxteo/0EtQEiwkMUgk/tGmycXlbG4g3Ard2/ULtNLUykGOkeK0egmN27h0xMAhb76jYccW+XTBExA==}
    dev: false

  /generate-function/2.3.1:
    resolution: {integrity: sha512-eeB5GfMNeevm/GRYq20ShmsaGcmI81kIX2K9XQx5miC8KdHaC6Jm0qQ8ZNeGOi7wYB8OsdxKs+Y2oVuTFuVwKQ==}
    dependencies:
      is-property: 1.0.2
    dev: false

  /generate-object-property/1.2.0:
    resolution: {integrity: sha512-TuOwZWgJ2VAMEGJvAyPWvpqxSANF0LDpmyHauMjFYzaACvn+QTT/AZomvPCzVBV7yDN3OmwHQ5OvHaeLKre3JQ==}
    dependencies:
      is-property: 1.0.2
    dev: false

  /is-property/1.0.2:
    resolution: {integrity: sha512-Ks/IoX00TtClbGQr4TWXemAnktAQvYB7HzcCxDGqEZU6oCmb2INHuOoKxbtR+HFkmYWBKv/dOZtGRiAjDhj92g==}
    dev: false

  /net/1.0.2:
    resolution: {integrity: sha512-kbhcj2SVVR4caaVnGLJKmlk2+f+oLkjqdKeQlmUtz6nGzOpbcobwVIeSURNgraV/v3tlmGIX82OcPCl0K6RbHQ==}
    dev: false

  /protocol-buffers-encodings/1.2.0:
    resolution: {integrity: sha512-daeNPuKh1NlLD1uDfbLpD+xyUTc07nEtfHwmBZmt/vH0B7VOM+JOCOpDcx9ZRpqHjAiIkGqyTDi+wfGSl17R9w==}
    dependencies:
      b4a: 1.6.1
      signed-varint: 2.0.1
      varint: 5.0.0
    dev: false

  /protocol-buffers-schema/3.6.0:
    resolution: {integrity: sha512-TdDRD+/QNdrCGCE7v8340QyuXd4kIWIgapsE2+n/SaGiSSbomYl4TjHlvIoCWRpE7wFt02EpB35VVA2ImcBVqw==}
    dev: false

  /protocol-buffers/5.0.0:
    resolution: {integrity: sha512-ceZAqqc5tKmsy4VXjQpCUbw9CJWHY+wIJitciBB9wyFXmcma8124Ck6LYwKncZgUzTkyCa+IyDrphI8s8DIWbA==}
    hasBin: true
    dependencies:
      generate-function: 2.3.1
      generate-object-property: 1.2.0
      protocol-buffers-encodings: 1.2.0
      protocol-buffers-schema: 3.6.0
      signed-varint: 2.0.1
      varint: 6.0.0
    dev: false

  /signed-varint/2.0.1:
    resolution: {integrity: sha512-abgDPg1106vuZZOvw7cFwdCABddfJRz5akcCcchzTbhyhYnsG31y4AlZEgp315T7W3nQq5P4xeOm186ZiPVFzw==}
    dependencies:
      varint: 5.0.2
    dev: false

  /varint/5.0.0:
    resolution: {integrity: sha512-gC13b/bWrqQoKY2EmROCZ+AR0jitc6DnDGaQ6Ls9QpKmuSgJB1eQ7H3KETtQm7qSdMWMKCmsshyCmUwMLh3OAA==}
    dev: false

  /varint/5.0.2:
    resolution: {integrity: sha512-lKxKYG6H03yCZUpAGOPOsMcGxd1RHCu1iKvEHYDPmTyq2HueGhD73ssNBqqQWfvYs04G9iUFRvmAVLW20Jw6ow==}
    dev: false

  /varint/6.0.0:
    resolution: {integrity: sha512-cXEIW6cfr15lFv563k4GuVuW/fiwjknytD37jIOLSdSWuOI6WnO/oKwmP2FQTU2l01LP8/M5TSAJpzUaGe3uWg==}
    dev: false
